
Microsoft Visual Studio Solution File, Format Version 12.00
# Visual Studio 15
VisualStudioVersion = 15.0.28010.2046
MinimumVisualStudioVersion = 10.0.40219.1
Project("{FAE04EC0-301F-11D3-BF4B-00C04F79EFBC}") = "marathonskills", "marathonskills\marathonskills.csproj", "{9E857769-B0C9-4354-B284-74927C6D8440}"
EndProject
Global
	GlobalSection(SolutionConfigurationPlatforms) = preSolution
		Debug|Any CPU = Debug|Any CPU
		Release|Any CPU = Release|Any CPU
	EndGlobalSection
	GlobalSection(ProjectConfigurationPlatforms) = postSolution
		{9E857769-B0C9-4354-B284-74927C6D8440}.Debug|Any CPU.ActiveCfg = Debug|Any CPU
		{9E857769-B0C9-4354-B284-74927C6D8440}.Debug|Any CPU.Build.0 = Debug|Any CPU
		{9E857769-B0C9-4354-B284-74927C6D8440}.Release|Any CPU.ActiveCfg = Release|Any CPU
		{9E857769-B0C9-4354-B284-74927C6D8440}.Release|Any CPU.Build.0 = Release|Any CPU
	EndGlobalSection
	GlobalSection(SolutionProperties) = preSolution
		HideSolutionNode = FALSE
	EndGlobalSection
	GlobalSection(ExtensibilityGlobals) = postSolution
		SolutionGuid = {8EC9E924-7F36-47E5-B8E1-5AF69C80113E}
	EndGlobalSection
EndGlobal
